
Microsoft Visual Studio Solution File, Format Version 11.00
# Visual C# Express 2010
Project("{FAE04EC0-301F-11D3-BF4B-00C04F79EFBC}") = "Final", "Final\Final\Final.csproj", "{94008481-05D3-4631-B3B2-BEF93106DBF8}"
EndProject
Project("{96E2B04D-8817-42C6-938A-82C39BA4D311}") = "FinalContent", "Final\FinalContent\FinalContent.contentproj", "{12F6A4DC-DBD9-47A2-818E-D83974D6727C}"
EndProject
Global
	GlobalSection(SolutionConfigurationPlatforms) = preSolution
		Debug|x86 = Debug|x86
		Release|x86 = Release|x86
	EndGlobalSection
	GlobalSection(ProjectConfigurationPlatforms) = postSolution
		{94008481-05D3-4631-B3B2-BEF93106DBF8}.Debug|x86.ActiveCfg = Debug|x86
		{94008481-05D3-4631-B3B2-BEF93106DBF8}.Debug|x86.Build.0 = Debug|x86
		{94008481-05D3-4631-B3B2-BEF93106DBF8}.Release|x86.ActiveCfg = Release|x86
		{94008481-05D3-4631-B3B2-BEF93106DBF8}.Release|x86.Build.0 = Release|x86
		{12F6A4DC-DBD9-47A2-818E-D83974D6727C}.Debug|x86.ActiveCfg = Debug|x86
		{12F6A4DC-DBD9-47A2-818E-D83974D6727C}.Release|x86.ActiveCfg = Release|x86
	EndGlobalSection
	GlobalSection(SolutionProperties) = preSolution
		HideSolutionNode = FALSE
	EndGlobalSection
EndGlobal
